// !$*UTF8*$!
{
	archiveVersion = 1;
	classes = {
	};
	objectVersion = 56;
	objects = {

/* Begin PBXBuildFile section */
		337BA2002B5F911D001C078E /* SwiftCommerceApp.swift in Sources */ = {isa = PBXBuildFile; fileRef = 337BA1FF2B5F911D001C078E /* SwiftCommerceApp.swift */; };
		337BA2022B5F911D001C078E /* ContentView.swift in Sources */ = {isa = PBXBuildFile; fileRef = 337BA2012B5F911D001C078E /* ContentView.swift */; };
		337BA2042B5F911E001C078E /* Assets.xcassets in Resources */ = {isa = PBXBuildFile; fileRef = 337BA2032B5F911E001C078E /* Assets.xcassets */; };
		337BA2072B5F911E001C078E /* Preview Assets.xcassets in Resources */ = {isa = PBXBuildFile; fileRef = 337BA2062B5F911E001C078E /* Preview Assets.xcassets */; };
		337BA2112B5F911E001C078E /* SwiftCommerceTests.swift in Sources */ = {isa = PBXBuildFile; fileRef = 337BA2102B5F911E001C078E /* SwiftCommerceTests.swift */; };
		337BA21B2B5F911E001C078E /* SwiftCommerceUITests.swift in Sources */ = {isa = PBXBuildFile; fileRef = 337BA21A2B5F911E001C078E /* SwiftCommerceUITests.swift */; };
		337BA21D2B5F911E001C078E /* SwiftCommerceUITestsLaunchTests.swift in Sources */ = {isa = PBXBuildFile; fileRef = 337BA21C2B5F911E001C078E /* SwiftCommerceUITestsLaunchTests.swift */; };
		337BA22B2B5F9582001C078E /* OnboardingScreenView.swift in Sources */ = {isa = PBXBuildFile; fileRef = 337BA22A2B5F9582001C078E /* OnboardingScreenView.swift */; };
		337BA22D2B5F95B0001C078E /* LaunchScreen.storyboard in Resources */ = {isa = PBXBuildFile; fileRef = 337BA22C2B5F95B0001C078E /* LaunchScreen.storyboard */; };
		337BA2302B5F96A7001C078E /* Dimension.swift in Sources */ = {isa = PBXBuildFile; fileRef = 337BA22F2B5F96A7001C078E /* Dimension.swift */; };
		337BA2322B5F96E8001C078E /* Color.swift in Sources */ = {isa = PBXBuildFile; fileRef = 337BA2312B5F96E8001C078E /* Color.swift */; };
		337BA2342B5F9740001C078E /* Font.swift in Sources */ = {isa = PBXBuildFile; fileRef = 337BA2332B5F9740001C078E /* Font.swift */; };
		337BA23D2B5F97B0001C078E /* Poppins-Bold.ttf in Resources */ = {isa = PBXBuildFile; fileRef = 337BA2382B5F97B0001C078E /* Poppins-Bold.ttf */; };
		337BA23E2B5F97B0001C078E /* Poppins-Medium.ttf in Resources */ = {isa = PBXBuildFile; fileRef = 337BA2392B5F97B0001C078E /* Poppins-Medium.ttf */; };
		337BA23F2B5F97B0001C078E /* Poppins-Light.ttf in Resources */ = {isa = PBXBuildFile; fileRef = 337BA23A2B5F97B0001C078E /* Poppins-Light.ttf */; };
		337BA2402B5F97B0001C078E /* Poppins-Regular.ttf in Resources */ = {isa = PBXBuildFile; fileRef = 337BA23B2B5F97B0001C078E /* Poppins-Regular.ttf */; };
		337BA2412B5F97B0001C078E /* Poppins-SemiBold.ttf in Resources */ = {isa = PBXBuildFile; fileRef = 337BA23C2B5F97B0001C078E /* Poppins-SemiBold.ttf */; };
		337BA2432B5F9CC7001C078E /* String.swift in Sources */ = {isa = PBXBuildFile; fileRef = 337BA2422B5F9CC7001C078E /* String.swift */; };
		337BA2492B5FA2CB001C078E /* RegistrationView.swift in Sources */ = {isa = PBXBuildFile; fileRef = 337BA2482B5FA2CB001C078E /* RegistrationView.swift */; };
		337BA24C2B5FA327001C078E /* Texts.swift in Sources */ = {isa = PBXBuildFile; fileRef = 337BA24B2B5FA327001C078E /* Texts.swift */; };
		337BA24E2B5FA49B001C078E /* Buttons.swift in Sources */ = {isa = PBXBuildFile; fileRef = 337BA24D2B5FA49B001C078E /* Buttons.swift */; };
/* End PBXBuildFile section */

/* Begin PBXContainerItemProxy section */
		337BA20D2B5F911E001C078E /* PBXContainerItemProxy */ = {
			isa = PBXContainerItemProxy;
			containerPortal = 337BA1F42B5F911C001C078E /* Project object */;
			proxyType = 1;
			remoteGlobalIDString = 337BA1FB2B5F911D001C078E;
			remoteInfo = SwiftCommerce;
		};
		337BA2172B5F911E001C078E /* PBXContainerItemProxy */ = {
			isa = PBXContainerItemProxy;
			containerPortal = 337BA1F42B5F911C001C078E /* Project object */;
			proxyType = 1;
			remoteGlobalIDString = 337BA1FB2B5F911D001C078E;
			remoteInfo = SwiftCommerce;
		};
/* End PBXContainerItemProxy section */

/* Begin PBXFileReference section */
		337BA1FC2B5F911D001C078E /* SwiftCommerce.app */ = {isa = PBXFileReference; explicitFileType = wrapper.application; includeInIndex = 0; path = SwiftCommerce.app; sourceTree = BUILT_PRODUCTS_DIR; };
		337BA1FF2B5F911D001C078E /* SwiftCommerceApp.swift */ = {isa = PBXFileReference; lastKnownFileType = sourcecode.swift; path = SwiftCommerceApp.swift; sourceTree = "<group>"; };
		337BA2012B5F911D001C078E /* ContentView.swift */ = {isa = PBXFileReference; lastKnownFileType = sourcecode.swift; path = ContentView.swift; sourceTree = "<group>"; };
		337BA2032B5F911E001C078E /* Assets.xcassets */ = {isa = PBXFileReference; lastKnownFileType = folder.assetcatalog; path = Assets.xcassets; sourceTree = "<group>"; };
		337BA2062B5F911E001C078E /* Preview Assets.xcassets */ = {isa = PBXFileReference; lastKnownFileType = folder.assetcatalog; path = "Preview Assets.xcassets"; sourceTree = "<group>"; };
		337BA20C2B5F911E001C078E /* SwiftCommerceTests.xctest */ = {isa = PBXFileReference; explicitFileType = wrapper.cfbundle; includeInIndex = 0; path = SwiftCommerceTests.xctest; sourceTree = BUILT_PRODUCTS_DIR; };
		337BA2102B5F911E001C078E /* SwiftCommerceTests.swift */ = {isa = PBXFileReference; lastKnownFileType = sourcecode.swift; path = SwiftCommerceTests.swift; sourceTree = "<group>"; };
		337BA2162B5F911E001C078E /* SwiftCommerceUITests.xctest */ = {isa = PBXFileReference; explicitFileType = wrapper.cfbundle; includeInIndex = 0; path = SwiftCommerceUITests.xctest; sourceTree = BUILT_PRODUCTS_DIR; };
		337BA21A2B5F911E001C078E /* SwiftCommerceUITests.swift */ = {isa = PBXFileReference; lastKnownFileType = sourcecode.swift; path = SwiftCommerceUITests.swift; sourceTree = "<group>"; };
		337BA21C2B5F911E001C078E /* SwiftCommerceUITestsLaunchTests.swift */ = {isa = PBXFileReference; lastKnownFileType = sourcecode.swift; path = SwiftCommerceUITestsLaunchTests.swift; sourceTree = "<group>"; };
		337BA22A2B5F9582001C078E /* OnboardingScreenView.swift */ = {isa = PBXFileReference; lastKnownFileType = sourcecode.swift; path = OnboardingScreenView.swift; sourceTree = "<group>"; };
		337BA22C2B5F95B0001C078E /* LaunchScreen.storyboard */ = {isa = PBXFileReference; lastKnownFileType = file.storyboard; path = LaunchScreen.storyboard; sourceTree = "<group>"; };
		337BA22F2B5F96A7001C078E /* Dimension.swift */ = {isa = PBXFileReference; lastKnownFileType = sourcecode.swift; path = Dimension.swift; sourceTree = "<group>"; };
		337BA2312B5F96E8001C078E /* Color.swift */ = {isa = PBXFileReference; lastKnownFileType = sourcecode.swift; path = Color.swift; sourceTree = "<group>"; };
		337BA2332B5F9740001C078E /* Font.swift */ = {isa = PBXFileReference; lastKnownFileType = sourcecode.swift; path = Font.swift; sourceTree = "<group>"; };
		337BA2352B5F978D001C078E /* Info.plist */ = {isa = PBXFileReference; lastKnownFileType = text.plist; path = Info.plist; sourceTree = "<group>"; };
		337BA2382B5F97B0001C078E /* Poppins-Bold.ttf */ = {isa = PBXFileReference; lastKnownFileType = file; path = "Poppins-Bold.ttf"; sourceTree = "<group>"; };
		337BA2392B5F97B0001C078E /* Poppins-Medium.ttf */ = {isa = PBXFileReference; lastKnownFileType = file; path = "Poppins-Medium.ttf"; sourceTree = "<group>"; };
		337BA23A2B5F97B0001C078E /* Poppins-Light.ttf */ = {isa = PBXFileReference; lastKnownFileType = file; path = "Poppins-Light.ttf"; sourceTree = "<group>"; };
		337BA23B2B5F97B0001C078E /* Poppins-Regular.ttf */ = {isa = PBXFileReference; lastKnownFileType = file; path = "Poppins-Regular.ttf"; sourceTree = "<group>"; };
		337BA23C2B5F97B0001C078E /* Poppins-SemiBold.ttf */ = {isa = PBXFileReference; lastKnownFileType = file; path = "Poppins-SemiBold.ttf"; sourceTree = "<group>"; };
		337BA2422B5F9CC7001C078E /* String.swift */ = {isa = PBXFileReference; lastKnownFileType = sourcecode.swift; path = String.swift; sourceTree = "<group>"; };
		337BA2482B5FA2CB001C078E /* RegistrationView.swift */ = {isa = PBXFileReference; lastKnownFileType = sourcecode.swift; path = RegistrationView.swift; sourceTree = "<group>"; };
		337BA24B2B5FA327001C078E /* Texts.swift */ = {isa = PBXFileReference; lastKnownFileType = sourcecode.swift; path = Texts.swift; sourceTree = "<group>"; };
		337BA24D2B5FA49B001C078E /* Buttons.swift */ = {isa = PBXFileReference; lastKnownFileType = sourcecode.swift; path = Buttons.swift; sourceTree = "<group>"; };
/* End PBXFileReference section */

/* Begin PBXFrameworksBuildPhase section */
		337BA1F92B5F911D001C078E /* Frameworks */ = {
			isa = PBXFrameworksBuildPhase;
			buildActionMask = 2147483647;
			files = (
			);
			runOnlyForDeploymentPostprocessing = 0;
		};
		337BA2092B5F911E001C078E /* Frameworks */ = {
			isa = PBXFrameworksBuildPhase;
			buildActionMask = 2147483647;
			files = (
			);
			runOnlyForDeploymentPostprocessing = 0;
		};
		337BA2132B5F911E001C078E /* Frameworks */ = {
			isa = PBXFrameworksBuildPhase;
			buildActionMask = 2147483647;
			files = (
			);
			runOnlyForDeploymentPostprocessing = 0;
		};
/* End PBXFrameworksBuildPhase section */

/* Begin PBXGroup section */
		337BA1F32B5F911C001C078E = {
			isa = PBXGroup;
			children = (
				337BA1FE2B5F911D001C078E /* SwiftCommerce */,
				337BA20F2B5F911E001C078E /* SwiftCommerceTests */,
				337BA2192B5F911E001C078E /* SwiftCommerceUITests */,
				337BA1FD2B5F911D001C078E /* Products */,
			);
			sourceTree = "<group>";
		};
		337BA1FD2B5F911D001C078E /* Products */ = {
			isa = PBXGroup;
			children = (
				337BA1FC2B5F911D001C078E /* SwiftCommerce.app */,
				337BA20C2B5F911E001C078E /* SwiftCommerceTests.xctest */,
				337BA2162B5F911E001C078E /* SwiftCommerceUITests.xctest */,
			);
			name = Products;
			sourceTree = "<group>";
		};
		337BA1FE2B5F911D001C078E /* SwiftCommerce */ = {
			isa = PBXGroup;
			children = (
				337BA1FF2B5F911D001C078E /* SwiftCommerceApp.swift */,
				337BA2012B5F911D001C078E /* ContentView.swift */,
				337BA2352B5F978D001C078E /* Info.plist */,
				337BA2442B5FA2A7001C078E /* Auth */,
				337BA24A2B5FA2D2001C078E /* Components */,
				337BA22E2B5F969C001C078E /* Extensions */,
				337BA2292B5F956F001C078E /* Onboarding */,
				337BA2362B5F9795001C078E /* Resources */,
				337BA2052B5F911E001C078E /* Preview Content */,
			);
			path = SwiftCommerce;
			sourceTree = "<group>";
		};
		337BA2052B5F911E001C078E /* Preview Content */ = {
			isa = PBXGroup;
			children = (
				337BA2062B5F911E001C078E /* Preview Assets.xcassets */,
			);
			path = "Preview Content";
			sourceTree = "<group>";
		};
		337BA20F2B5F911E001C078E /* SwiftCommerceTests */ = {
			isa = PBXGroup;
			children = (
				337BA2102B5F911E001C078E /* SwiftCommerceTests.swift */,
			);
			path = SwiftCommerceTests;
			sourceTree = "<group>";
		};
		337BA2192B5F911E001C078E /* SwiftCommerceUITests */ = {
			isa = PBXGroup;
			children = (
				337BA21A2B5F911E001C078E /* SwiftCommerceUITests.swift */,
				337BA21C2B5F911E001C078E /* SwiftCommerceUITestsLaunchTests.swift */,
			);
			path = SwiftCommerceUITests;
			sourceTree = "<group>";
		};
		337BA2292B5F956F001C078E /* Onboarding */ = {
			isa = PBXGroup;
			children = (
				337BA22C2B5F95B0001C078E /* LaunchScreen.storyboard */,
				337BA22A2B5F9582001C078E /* OnboardingScreenView.swift */,
			);
			path = Onboarding;
			sourceTree = "<group>";
		};
		337BA22E2B5F969C001C078E /* Extensions */ = {
			isa = PBXGroup;
			children = (
				337BA22F2B5F96A7001C078E /* Dimension.swift */,
				337BA2332B5F9740001C078E /* Font.swift */,
				337BA2312B5F96E8001C078E /* Color.swift */,
				337BA2422B5F9CC7001C078E /* String.swift */,
			);
			path = Extensions;
			sourceTree = "<group>";
		};
		337BA2362B5F9795001C078E /* Resources */ = {
			isa = PBXGroup;
			children = (
				337BA2032B5F911E001C078E /* Assets.xcassets */,
				337BA2372B5F979F001C078E /* Fonts */,
			);
			path = Resources;
			sourceTree = "<group>";
		};
		337BA2372B5F979F001C078E /* Fonts */ = {
			isa = PBXGroup;
			children = (
				337BA2382B5F97B0001C078E /* Poppins-Bold.ttf */,
				337BA23A2B5F97B0001C078E /* Poppins-Light.ttf */,
				337BA2392B5F97B0001C078E /* Poppins-Medium.ttf */,
				337BA23B2B5F97B0001C078E /* Poppins-Regular.ttf */,
				337BA23C2B5F97B0001C078E /* Poppins-SemiBold.ttf */,
			);
			path = Fonts;
			sourceTree = "<group>";
		};
		337BA2442B5FA2A7001C078E /* Auth */ = {
			isa = PBXGroup;
			children = (
				337BA2472B5FA2BC001C078E /* Login */,
				337BA2452B5FA2AE001C078E /* Registration */,
			);
			path = Auth;
			sourceTree = "<group>";
		};
		337BA2452B5FA2AE001C078E /* Registration */ = {
			isa = PBXGroup;
			children = (
				337BA2482B5FA2CB001C078E /* RegistrationView.swift */,
			);
			path = Registration;
			sourceTree = "<group>";
		};
		337BA2472B5FA2BC001C078E /* Login */ = {
			isa = PBXGroup;
			children = (
			);
			path = Login;
			sourceTree = "<group>";
		};
		337BA24A2B5FA2D2001C078E /* Components */ = {
			isa = PBXGroup;
			children = (
				337BA24B2B5FA327001C078E /* Texts.swift */,
				337BA24D2B5FA49B001C078E /* Buttons.swift */,
			);
			path = Components;
			sourceTree = "<group>";
		};
/* End PBXGroup section */

/* Begin PBXNativeTarget section */
		337BA1FB2B5F911D001C078E /* SwiftCommerce */ = {
			isa = PBXNativeTarget;
			buildConfigurationList = 337BA2202B5F911E001C078E /* Build configuration list for PBXNativeTarget "SwiftCommerce" */;
			buildPhases = (
				337BA1F82B5F911D001C078E /* Sources */,
				337BA1F92B5F911D001C078E /* Frameworks */,
				337BA1FA2B5F911D001C078E /* Resources */,
			);
			buildRules = (
			);
			dependencies = (
			);
			name = SwiftCommerce;
			productName = SwiftCommerce;
			productReference = 337BA1FC2B5F911D001C078E /* SwiftCommerce.app */;
			productType = "com.apple.product-type.application";
		};
		337BA20B2B5F911E001C078E /* SwiftCommerceTests */ = {
			isa = PBXNativeTarget;
			buildConfigurationList = 337BA2232B5F911E001C078E /* Build configuration list for PBXNativeTarget "SwiftCommerceTests" */;
			buildPhases = (
				337BA2082B5F911E001C078E /* Sources */,
				337BA2092B5F911E001C078E /* Frameworks */,
				337BA20A2B5F911E001C078E /* Resources */,
			);
			buildRules = (
			);
			dependencies = (
				337BA20E2B5F911E001C078E /* PBXTargetDependency */,
			);
			name = SwiftCommerceTests;
			productName = SwiftCommerceTests;
			productReference = 337BA20C2B5F911E001C078E /* SwiftCommerceTests.xctest */;
			productType = "com.apple.product-type.bundle.unit-test";
		};
		337BA2152B5F911E001C078E /* SwiftCommerceUITests */ = {
			isa = PBXNativeTarget;
			buildConfigurationList = 337BA2262B5F911E001C078E /* Build configuration list for PBXNativeTarget "SwiftCommerceUITests" */;
			buildPhases = (
				337BA2122B5F911E001C078E /* Sources */,
				337BA2132B5F911E001C078E /* Frameworks */,
				337BA2142B5F911E001C078E /* Resources */,
			);
			buildRules = (
			);
			dependencies = (
				337BA2182B5F911E001C078E /* PBXTargetDependency */,
			);
			name = SwiftCommerceUITests;
			productName = SwiftCommerceUITests;
			productReference = 337BA2162B5F911E001C078E /* SwiftCommerceUITests.xctest */;
			productType = "com.apple.product-type.bundle.ui-testing";
		};
/* End PBXNativeTarget section */

/* Begin PBXProject section */
		337BA1F42B5F911C001C078E /* Project object */ = {
			isa = PBXProject;
			attributes = {
				BuildIndependentTargetsInParallel = 1;
				LastSwiftUpdateCheck = 1520;
				LastUpgradeCheck = 1520;
				TargetAttributes = {
					337BA1FB2B5F911D001C078E = {
						CreatedOnToolsVersion = 15.2;
					};
					337BA20B2B5F911E001C078E = {
						CreatedOnToolsVersion = 15.2;
						TestTargetID = 337BA1FB2B5F911D001C078E;
					};
					337BA2152B5F911E001C078E = {
						CreatedOnToolsVersion = 15.2;
						TestTargetID = 337BA1FB2B5F911D001C078E;
					};
				};
			};
			buildConfigurationList = 337BA1F72B5F911C001C078E /* Build configuration list for PBXProject "SwiftCommerce" */;
			compatibilityVersion = "Xcode 14.0";
			developmentRegion = en;
			hasScannedForEncodings = 0;
			knownRegions = (
				en,
				Base,
			);
			mainGroup = 337BA1F32B5F911C001C078E;
			productRefGroup = 337BA1FD2B5F911D001C078E /* Products */;
			projectDirPath = "";
			projectRoot = "";
			targets = (
				337BA1FB2B5F911D001C078E /* SwiftCommerce */,
				337BA20B2B5F911E001C078E /* SwiftCommerceTests */,
				337BA2152B5F911E001C078E /* SwiftCommerceUITests */,
			);
		};
/* End PBXProject section */

/* Begin PBXResourcesBuildPhase section */
		337BA1FA2B5F911D001C078E /* Resources */ = {
			isa = PBXResourcesBuildPhase;
			buildActionMask = 2147483647;
			files = (
				337BA22D2B5F95B0001C078E /* LaunchScreen.storyboard in Resources */,
				337BA23F2B5F97B0001C078E /* Poppins-Light.ttf in Resources */,
				337BA2402B5F97B0001C078E /* Poppins-Regular.ttf in Resources */,
				337BA2072B5F911E001C078E /* Preview Assets.xcassets in Resources */,
				337BA2042B5F911E001C078E /* Assets.xcassets in Resources */,
				337BA2412B5F97B0001C078E /* Poppins-SemiBold.ttf in Resources */,
				337BA23D2B5F97B0001C078E /* Poppins-Bold.ttf in Resources */,
				337BA23E2B5F97B0001C078E /* Poppins-Medium.ttf in Resources */,
			);
			runOnlyForDeploymentPostprocessing = 0;
		};
		337BA20A2B5F911E001C078E /* Resources */ = {
			isa = PBXResourcesBuildPhase;
			buildActionMask = 2147483647;
			files = (
			);
			runOnlyForDeploymentPostprocessing = 0;
		};
		337BA2142B5F911E001C078E /* Resources */ = {
			isa = PBXResourcesBuildPhase;
			buildActionMask = 2147483647;
			files = (
			);
			runOnlyForDeploymentPostprocessing = 0;
		};
/* End PBXResourcesBuildPhase section */

/* Begin PBXSourcesBuildPhase section */
		337BA1F82B5F911D001C078E /* Sources */ = {
			isa = PBXSourcesBuildPhase;
			buildActionMask = 2147483647;
			files = (
				337BA2022B5F911D001C078E /* ContentView.swift in Sources */,
				337BA2302B5F96A7001C078E /* Dimension.swift in Sources */,
				337BA2342B5F9740001C078E /* Font.swift in Sources */,
				337BA24C2B5FA327001C078E /* Texts.swift in Sources */,
				337BA2002B5F911D001C078E /* SwiftCommerceApp.swift in Sources */,
				337BA24E2B5FA49B001C078E /* Buttons.swift in Sources */,
				337BA2432B5F9CC7001C078E /* String.swift in Sources */,
				337BA2322B5F96E8001C078E /* Color.swift in Sources */,
				337BA22B2B5F9582001C078E /* OnboardingScreenView.swift in Sources */,
				337BA2492B5FA2CB001C078E /* RegistrationView.swift in Sources */,
			);
			runOnlyForDeploymentPostprocessing = 0;
		};
		337BA2082B5F911E001C078E /* Sources */ = {
			isa = PBXSourcesBuildPhase;
			buildActionMask = 2147483647;
			files = (
				337BA2112B5F911E001C078E /* SwiftCommerceTests.swift in Sources */,
			);
			runOnlyForDeploymentPostprocessing = 0;
		};
		337BA2122B5F911E001C078E /* Sources */ = {
			isa = PBXSourcesBuildPhase;
			buildActionMask = 2147483647;
			files = (
				337BA21B2B5F911E001C078E /* SwiftCommerceUITests.swift in Sources */,
				337BA21D2B5F911E001C078E /* SwiftCommerceUITestsLaunchTests.swift in Sources */,
			);
			runOnlyForDeploymentPostprocessing = 0;
		};
/* End PBXSourcesBuildPhase section */

/* Begin PBXTargetDependency section */
		337BA20E2B5F911E001C078E /* PBXTargetDependency */ = {
			isa = PBXTargetDependency;
			target = 337BA1FB2B5F911D001C078E /* SwiftCommerce */;
			targetProxy = 337BA20D2B5F911E001C078E /* PBXContainerItemProxy */;
		};
		337BA2182B5F911E001C078E /* PBXTargetDependency */ = {
			isa = PBXTargetDependency;
			target = 337BA1FB2B5F911D001C078E /* SwiftCommerce */;
			targetProxy = 337BA2172B5F911E001C078E /* PBXContainerItemProxy */;
		};
/* End PBXTargetDependency section */

/* Begin XCBuildConfiguration section */
		337BA21E2B5F911E001C078E /* Debug */ = {
			isa = XCBuildConfiguration;
			buildSettings = {
				ALWAYS_SEARCH_USER_PATHS = NO;
				ASSETCATALOG_COMPILER_GENERATE_SWIFT_ASSET_SYMBOL_EXTENSIONS = YES;
				CLANG_ANALYZER_NONNULL = YES;
				CLANG_ANALYZER_NUMBER_OBJECT_CONVERSION = YES_AGGRESSIVE;
				CLANG_CXX_LANGUAGE_STANDARD = "gnu++20";
				CLANG_ENABLE_MODULES = YES;
				CLANG_ENABLE_OBJC_ARC = YES;
				CLANG_ENABLE_OBJC_WEAK = YES;
				CLANG_WARN_BLOCK_CAPTURE_AUTORELEASING = YES;
				CLANG_WARN_BOOL_CONVERSION = YES;
				CLANG_WARN_COMMA = YES;
				CLANG_WARN_CONSTANT_CONVERSION = YES;
				CLANG_WARN_DEPRECATED_OBJC_IMPLEMENTATIONS = YES;
				CLANG_WARN_DIRECT_OBJC_ISA_USAGE = YES_ERROR;
				CLANG_WARN_DOCUMENTATION_COMMENTS = YES;
				CLANG_WARN_EMPTY_BODY = YES;
				CLANG_WARN_ENUM_CONVERSION = YES;
				CLANG_WARN_INFINITE_RECURSION = YES;
				CLANG_WARN_INT_CONVERSION = YES;
				CLANG_WARN_NON_LITERAL_NULL_CONVERSION = YES;
				CLANG_WARN_OBJC_IMPLICIT_RETAIN_SELF = YES;
				CLANG_WARN_OBJC_LITERAL_CONVERSION = YES;
				CLANG_WARN_OBJC_ROOT_CLASS = YES_ERROR;
				CLANG_WARN_QUOTED_INCLUDE_IN_FRAMEWORK_HEADER = YES;
				CLANG_WARN_RANGE_LOOP_ANALYSIS = YES;
				CLANG_WARN_STRICT_PROTOTYPES = YES;
				CLANG_WARN_SUSPICIOUS_MOVE = YES;
				CLANG_WARN_UNGUARDED_AVAILABILITY = YES_AGGRESSIVE;
				CLANG_WARN_UNREACHABLE_CODE = YES;
				CLANG_WARN__DUPLICATE_METHOD_MATCH = YES;
				COPY_PHASE_STRIP = NO;
				DEBUG_INFORMATION_FORMAT = dwarf;
				ENABLE_STRICT_OBJC_MSGSEND = YES;
				ENABLE_TESTABILITY = YES;
				ENABLE_USER_SCRIPT_SANDBOXING = YES;
				GCC_C_LANGUAGE_STANDARD = gnu17;
				GCC_DYNAMIC_NO_PIC = NO;
				GCC_NO_COMMON_BLOCKS = YES;
				GCC_OPTIMIZATION_LEVEL = 0;
				GCC_PREPROCESSOR_DEFINITIONS = (
					"DEBUG=1",
					"$(inherited)",
				);
				GCC_WARN_64_TO_32_BIT_CONVERSION = YES;
				GCC_WARN_ABOUT_RETURN_TYPE = YES_ERROR;
				GCC_WARN_UNDECLARED_SELECTOR = YES;
				GCC_WARN_UNINITIALIZED_AUTOS = YES_AGGRESSIVE;
				GCC_WARN_UNUSED_FUNCTION = YES;
				GCC_WARN_UNUSED_VARIABLE = YES;
				IPHONEOS_DEPLOYMENT_TARGET = 17.2;
				LOCALIZATION_PREFERS_STRING_CATALOGS = YES;
				MTL_ENABLE_DEBUG_INFO = INCLUDE_SOURCE;
				MTL_FAST_MATH = YES;
				ONLY_ACTIVE_ARCH = YES;
				SDKROOT = iphoneos;
				SWIFT_ACTIVE_COMPILATION_CONDITIONS = "DEBUG $(inherited)";
				SWIFT_OPTIMIZATION_LEVEL = "-Onone";
			};
			name = Debug;
		};
		337BA21F2B5F911E001C078E /* Release */ = {
			isa = XCBuildConfiguration;
			buildSettings = {
				ALWAYS_SEARCH_USER_PATHS = NO;
				ASSETCATALOG_COMPILER_GENERATE_SWIFT_ASSET_SYMBOL_EXTENSIONS = YES;
				CLANG_ANALYZER_NONNULL = YES;
				CLANG_ANALYZER_NUMBER_OBJECT_CONVERSION = YES_AGGRESSIVE;
				CLANG_CXX_LANGUAGE_STANDARD = "gnu++20";
				CLANG_ENABLE_MODULES = YES;
				CLANG_ENABLE_OBJC_ARC = YES;
				CLANG_ENABLE_OBJC_WEAK = YES;
				CLANG_WARN_BLOCK_CAPTURE_AUTORELEASING = YES;
				CLANG_WARN_BOOL_CONVERSION = YES;
				CLANG_WARN_COMMA = YES;
				CLANG_WARN_CONSTANT_CONVERSION = YES;
				CLANG_WARN_DEPRECATED_OBJC_IMPLEMENTATIONS = YES;
				CLANG_WARN_DIRECT_OBJC_ISA_USAGE = YES_ERROR;
				CLANG_WARN_DOCUMENTATION_COMMENTS = YES;
				CLANG_WARN_EMPTY_BODY = YES;
				CLANG_WARN_ENUM_CONVERSION = YES;
				CLANG_WARN_INFINITE_RECURSION = YES;
				CLANG_WARN_INT_CONVERSION = YES;
				CLANG_WARN_NON_LITERAL_NULL_CONVERSION = YES;
				CLANG_WARN_OBJC_IMPLICIT_RETAIN_SELF = YES;
				CLANG_WARN_OBJC_LITERAL_CONVERSION = YES;
				CLANG_WARN_OBJC_ROOT_CLASS = YES_ERROR;
				CLANG_WARN_QUOTED_INCLUDE_IN_FRAMEWORK_HEADER = YES;
				CLANG_WARN_RANGE_LOOP_ANALYSIS = YES;
				CLANG_WARN_STRICT_PROTOTYPES = YES;
				CLANG_WARN_SUSPICIOUS_MOVE = YES;
				CLANG_WARN_UNGUARDED_AVAILABILITY = YES_AGGRESSIVE;
				CLANG_WARN_UNREACHABLE_CODE = YES;
				CLANG_WARN__DUPLICATE_METHOD_MATCH = YES;
				COPY_PHASE_STRIP = NO;
				DEBUG_INFORMATION_FORMAT = "dwarf-with-dsym";
				ENABLE_NS_ASSERTIONS = NO;
				ENABLE_STRICT_OBJC_MSGSEND = YES;
				ENABLE_USER_SCRIPT_SANDBOXING = YES;
				GCC_C_LANGUAGE_STANDARD = gnu17;
				GCC_NO_COMMON_BLOCKS = YES;
				GCC_WARN_64_TO_32_BIT_CONVERSION = YES;
				GCC_WARN_ABOUT_RETURN_TYPE = YES_ERROR;
				GCC_WARN_UNDECLARED_SELECTOR = YES;
				GCC_WARN_UNINITIALIZED_AUTOS = YES_AGGRESSIVE;
				GCC_WARN_UNUSED_FUNCTION = YES;
				GCC_WARN_UNUSED_VARIABLE = YES;
				IPHONEOS_DEPLOYMENT_TARGET = 17.2;
				LOCALIZATION_PREFERS_STRING_CATALOGS = YES;
				MTL_ENABLE_DEBUG_INFO = NO;
				MTL_FAST_MATH = YES;
				SDKROOT = iphoneos;
				SWIFT_COMPILATION_MODE = wholemodule;
				VALIDATE_PRODUCT = YES;
			};
			name = Release;
		};
		337BA2212B5F911E001C078E /* Debug */ = {
			isa = XCBuildConfiguration;
			buildSettings = {
				ASSETCATALOG_COMPILER_APPICON_NAME = AppIcon;
				ASSETCATALOG_COMPILER_GLOBAL_ACCENT_COLOR_NAME = AccentColor;
				CODE_SIGN_STYLE = Automatic;
				CURRENT_PROJECT_VERSION = 1;
				DEVELOPMENT_ASSET_PATHS = "\"SwiftCommerce/Preview Content\"";
				DEVELOPMENT_TEAM = WU69N4C677;
				ENABLE_PREVIEWS = YES;
				GENERATE_INFOPLIST_FILE = YES;
				INFOPLIST_FILE = SwiftCommerce/Info.plist;
				INFOPLIST_KEY_UIApplicationSceneManifest_Generation = YES;
				INFOPLIST_KEY_UIApplicationSupportsIndirectInputEvents = YES;
				INFOPLIST_KEY_UILaunchScreen_Generation = YES;
				INFOPLIST_KEY_UILaunchStoryboardName = LaunchScreen.storyboard;
				INFOPLIST_KEY_UISupportedInterfaceOrientations_iPad = "UIInterfaceOrientationPortrait UIInterfaceOrientationPortraitUpsideDown UIInterfaceOrientationLandscapeLeft UIInterfaceOrientationLandscapeRight";
				INFOPLIST_KEY_UISupportedInterfaceOrientations_iPhone = "UIInterfaceOrientationPortrait UIInterfaceOrientationLandscapeLeft UIInterfaceOrientationLandscapeRight";
				IPHONEOS_DEPLOYMENT_TARGET = 15.0;
				LD_RUNPATH_SEARCH_PATHS = (
					"$(inherited)",
					"@executable_path/Frameworks",
				);
				MARKETING_VERSION = 1.0;
				PRODUCT_BUNDLE_IDENTIFIER = com.webandapp.SwiftCommerce;
				PRODUCT_NAME = "$(TARGET_NAME)";
				SWIFT_EMIT_LOC_STRINGS = YES;
				SWIFT_VERSION = 5.0;
				TARGETED_DEVICE_FAMILY = "1,2";
			};
			name = Debug;
		};
		337BA2222B5F911E001C078E /* Release */ = {
			isa = XCBuildConfiguration;
			buildSettings = {
				ASSETCATALOG_COMPILER_APPICON_NAME = AppIcon;
				ASSETCATALOG_COMPILER_GLOBAL_ACCENT_COLOR_NAME = AccentColor;
				CODE_SIGN_STYLE = Automatic;
				CURRENT_PROJECT_VERSION = 1;
				DEVELOPMENT_ASSET_PATHS = "\"SwiftCommerce/Preview Content\"";
				DEVELOPMENT_TEAM = WU69N4C677;
				ENABLE_PREVIEWS = YES;
				GENERATE_INFOPLIST_FILE = YES;
				INFOPLIST_FILE = SwiftCommerce/Info.plist;
				INFOPLIST_KEY_UIApplicationSceneManifest_Generation = YES;
				INFOPLIST_KEY_UIApplicationSupportsIndirectInputEvents = YES;
				INFOPLIST_KEY_UILaunchScreen_Generation = YES;
				INFOPLIST_KEY_UILaunchStoryboardName = LaunchScreen.storyboard;
				INFOPLIST_KEY_UISupportedInterfaceOrientations_iPad = "UIInterfaceOrientationPortrait UIInterfaceOrientationPortraitUpsideDown UIInterfaceOrientationLandscapeLeft UIInterfaceOrientationLandscapeRight";
				INFOPLIST_KEY_UISupportedInterfaceOrientations_iPhone = "UIInterfaceOrientationPortrait UIInterfaceOrientationLandscapeLeft UIInterfaceOrientationLandscapeRight";
				IPHONEOS_DEPLOYMENT_TARGET = 15.0;
				LD_RUNPATH_SEARCH_PATHS = (
					"$(inherited)",
					"@executable_path/Frameworks",
				);
				MARKETING_VERSION = 1.0;
				PRODUCT_BUNDLE_IDENTIFIER = com.webandapp.SwiftCommerce;
				PRODUCT_NAME = "$(TARGET_NAME)";
				SWIFT_EMIT_LOC_STRINGS = YES;
				SWIFT_VERSION = 5.0;
				TARGETED_DEVICE_FAMILY = "1,2";
			};
			name = Release;
		};
		337BA2242B5F911E001C078E /* Debug */ = {
			isa = XCBuildConfiguration;
			buildSettings = {
				ALWAYS_EMBED_SWIFT_STANDARD_LIBRARIES = YES;
				BUNDLE_LOADER = "$(TEST_HOST)";
				CODE_SIGN_STYLE = Automatic;
				CURRENT_PROJECT_VERSION = 1;
				DEVELOPMENT_TEAM = WU69N4C677;
				GENERATE_INFOPLIST_FILE = YES;
				IPHONEOS_DEPLOYMENT_TARGET = 17.2;
				MARKETING_VERSION = 1.0;
				PRODUCT_BUNDLE_IDENTIFIER = com.webandapp.SwiftCommerceTests;
				PRODUCT_NAME = "$(TARGET_NAME)";
				SWIFT_EMIT_LOC_STRINGS = NO;
				SWIFT_VERSION = 5.0;
				TARGETED_DEVICE_FAMILY = "1,2";
				TEST_HOST = "$(BUILT_PRODUCTS_DIR)/SwiftCommerce.app/$(BUNDLE_EXECUTABLE_FOLDER_PATH)/SwiftCommerce";
			};
			name = Debug;
		};
		337BA2252B5F911E001C078E /* Release */ = {
			isa = XCBuildConfiguration;
			buildSettings = {
				ALWAYS_EMBED_SWIFT_STANDARD_LIBRARIES = YES;
				BUNDLE_LOADER = "$(TEST_HOST)";
				CODE_SIGN_STYLE = Automatic;
				CURRENT_PROJECT_VERSION = 1;
				DEVELOPMENT_TEAM = WU69N4C677;
				GENERATE_INFOPLIST_FILE = YES;
				IPHONEOS_DEPLOYMENT_TARGET = 17.2;
				MARKETING_VERSION = 1.0;
				PRODUCT_BUNDLE_IDENTIFIER = com.webandapp.SwiftCommerceTests;
				PRODUCT_NAME = "$(TARGET_NAME)";
				SWIFT_EMIT_LOC_STRINGS = NO;
				SWIFT_VERSION = 5.0;
				TARGETED_DEVICE_FAMILY = "1,2";
				TEST_HOST = "$(BUILT_PRODUCTS_DIR)/SwiftCommerce.app/$(BUNDLE_EXECUTABLE_FOLDER_PATH)/SwiftCommerce";
			};
			name = Release;
		};
		337BA2272B5F911E001C078E /* Debug */ = {
			isa = XCBuildConfiguration;
			buildSettings = {
				ALWAYS_EMBED_SWIFT_STANDARD_LIBRARIES = YES;
				CODE_SIGN_STYLE = Automatic;
				CURRENT_PROJECT_VERSION = 1;
				DEVELOPMENT_TEAM = WU69N4C677;
				GENERATE_INFOPLIST_FILE = YES;
				MARKETING_VERSION = 1.0;
				PRODUCT_BUNDLE_IDENTIFIER = com.webandapp.SwiftCommerceUITests;
				PRODUCT_NAME = "$(TARGET_NAME)";
				SWIFT_EMIT_LOC_STRINGS = NO;
				SWIFT_VERSION = 5.0;
				TARGETED_DEVICE_FAMILY = "1,2";
				TEST_TARGET_NAME = SwiftCommerce;
			};
			name = Debug;
		};
		337BA2282B5F911E001C078E /* Release */ = {
			isa = XCBuildConfiguration;
			buildSettings = {
				ALWAYS_EMBED_SWIFT_STANDARD_LIBRARIES = YES;
				CODE_SIGN_STYLE = Automatic;
				CURRENT_PROJECT_VERSION = 1;
				DEVELOPMENT_TEAM = WU69N4C677;
				GENERATE_INFOPLIST_FILE = YES;
				MARKETING_VERSION = 1.0;
				PRODUCT_BUNDLE_IDENTIFIER = com.webandapp.SwiftCommerceUITests;
				PRODUCT_NAME = "$(TARGET_NAME)";
				SWIFT_EMIT_LOC_STRINGS = NO;
				SWIFT_VERSION = 5.0;
				TARGETED_DEVICE_FAMILY = "1,2";
				TEST_TARGET_NAME = SwiftCommerce;
			};
			name = Release;
		};
/* End XCBuildConfiguration section */

/* Begin XCConfigurationList section */
		337BA1F72B5F911C001C078E /* Build configuration list for PBXProject "SwiftCommerce" */ = {
			isa = XCConfigurationList;
			buildConfigurations = (
				337BA21E2B5F911E001C078E /* Debug */,
				337BA21F2B5F911E001C078E /* Release */,
			);
			defaultConfigurationIsVisible = 0;
			defaultConfigurationName = Release;
		};
		337BA2202B5F911E001C078E /* Build configuration list for PBXNativeTarget "SwiftCommerce" */ = {
			isa = XCConfigurationList;
			buildConfigurations = (
				337BA2212B5F911E001C078E /* Debug */,
				337BA2222B5F911E001C078E /* Release */,
			);
			defaultConfigurationIsVisible = 0;
			defaultConfigurationName = Release;
		};
		337BA2232B5F911E001C078E /* Build configuration list for PBXNativeTarget "SwiftCommerceTests" */ = {
			isa = XCConfigurationList;
			buildConfigurations = (
				337BA2242B5F911E001C078E /* Debug */,
				337BA2252B5F911E001C078E /* Release */,
			);
			defaultConfigurationIsVisible = 0;
			defaultConfigurationName = Release;
		};
		337BA2262B5F911E001C078E /* Build configuration list for PBXNativeTarget "SwiftCommerceUITests" */ = {
			isa = XCConfigurationList;
			buildConfigurations = (
				337BA2272B5F911E001C078E /* Debug */,
				337BA2282B5F911E001C078E /* Release */,
			);
			defaultConfigurationIsVisible = 0;
			defaultConfigurationName = Release;
		};
/* End XCConfigurationList section */
	};
	rootObject = 337BA1F42B5F911C001C078E /* Project object */;
}
